
Microsoft Visual Studio Solution File, Format Version 12.00
# Visual Studio Version 17
VisualStudioVersion = 17.0.31903.59
MinimumVisualStudioVersion = 10.0.40219.1
Project("{2150E333-8FDC-42A3-9474-1A3956D46DE8}") = "LinkManager.Api", "LinkManager.Api", "{483BE114-9518-5ADE-8CD4-2E34E3002949}"
EndProject
Project("{FAE04EC0-301F-11D3-BF4B-00C04F79EFBC}") = "LinkManager.api", "LinkManager.Api\LinkManager.api.csproj", "{B87FA2AA-F13E-49C0-9EF8-018E638C1C3C}"
EndProject
Global
	GlobalSection(SolutionConfigurationPlatforms) = preSolution
		Debug|Any CPU = Debug|Any CPU
		Debug|x64 = Debug|x64
		Debug|x86 = Debug|x86
		Release|Any CPU = Release|Any CPU
		Release|x64 = Release|x64
		Release|x86 = Release|x86
	EndGlobalSection
	GlobalSection(ProjectConfigurationPlatforms) = postSolution
		{B87FA2AA-F13E-49C0-9EF8-018E638C1C3C}.Debug|Any CPU.ActiveCfg = Debug|Any CPU
		{B87FA2AA-F13E-49C0-9EF8-018E638C1C3C}.Debug|Any CPU.Build.0 = Debug|Any CPU
		{B87FA2AA-F13E-49C0-9EF8-018E638C1C3C}.Debug|x64.ActiveCfg = Debug|Any CPU
		{B87FA2AA-F13E-49C0-9EF8-018E638C1C3C}.Debug|x64.Build.0 = Debug|Any CPU
		{B87FA2AA-F13E-49C0-9EF8-018E638C1C3C}.Debug|x86.ActiveCfg = Debug|Any CPU
		{B87FA2AA-F13E-49C0-9EF8-018E638C1C3C}.Debug|x86.Build.0 = Debug|Any CPU
		{B87FA2AA-F13E-49C0-9EF8-018E638C1C3C}.Release|Any CPU.ActiveCfg = Release|Any CPU
		{B87FA2AA-F13E-49C0-9EF8-018E638C1C3C}.Release|Any CPU.Build.0 = Release|Any CPU
		{B87FA2AA-F13E-49C0-9EF8-018E638C1C3C}.Release|x64.ActiveCfg = Release|Any CPU
		{B87FA2AA-F13E-49C0-9EF8-018E638C1C3C}.Release|x64.Build.0 = Release|Any CPU
		{B87FA2AA-F13E-49C0-9EF8-018E638C1C3C}.Release|x86.ActiveCfg = Release|Any CPU
		{B87FA2AA-F13E-49C0-9EF8-018E638C1C3C}.Release|x86.Build.0 = Release|Any CPU
	EndGlobalSection
	GlobalSection(SolutionProperties) = preSolution
		HideSolutionNode = FALSE
	EndGlobalSection
	GlobalSection(NestedProjects) = preSolution
		{B87FA2AA-F13E-49C0-9EF8-018E638C1C3C} = {483BE114-9518-5ADE-8CD4-2E34E3002949}
	EndGlobalSection
EndGlobal
